
Microsoft Visual Studio Solution File, Format Version 12.00
# Visual Studio Version 16
VisualStudioVersion = 16.0.30309.148
MinimumVisualStudioVersion = 10.0.40219.1
Project("{FAE04EC0-301F-11D3-BF4B-00C04F79EFBC}") = "WinGDITestApp", "WinGDITestApp\WinGDITestApp.csproj", "{00D8972F-6C56-4142-BE0D-2155C01321AB}"
EndProject
Global
	GlobalSection(SolutionConfigurationPlatforms) = preSolution
		Debug|Any CPU = Debug|Any CPU
		Release|Any CPU = Release|Any CPU
	EndGlobalSection
	GlobalSection(ProjectConfigurationPlatforms) = postSolution
		{00D8972F-6C56-4142-BE0D-2155C01321AB}.Debug|Any CPU.ActiveCfg = Debug|Any CPU
		{00D8972F-6C56-4142-BE0D-2155C01321AB}.Debug|Any CPU.Build.0 = Debug|Any CPU
		{00D8972F-6C56-4142-BE0D-2155C01321AB}.Release|Any CPU.ActiveCfg = Release|Any CPU
		{00D8972F-6C56-4142-BE0D-2155C01321AB}.Release|Any CPU.Build.0 = Release|Any CPU
	EndGlobalSection
	GlobalSection(SolutionProperties) = preSolution
		HideSolutionNode = FALSE
	EndGlobalSection
	GlobalSection(ExtensibilityGlobals) = postSolution
		SolutionGuid = {57B59696-057B-4B25-B44A-AD9E00326666}
	EndGlobalSection
EndGlobal
