
Microsoft Visual Studio Solution File, Format Version 12.00
# Visual Studio Version 16
VisualStudioVersion = 16.0.29709.97
MinimumVisualStudioVersion = 10.0.40219.1
Project("{FAE04EC0-301F-11D3-BF4B-00C04F79EFBC}") = "DrawFigure", "DrawFigure.csproj", "{BCF710C7-257C-45D0-87BC-77E6DC9386A0}"
EndProject
Global
	GlobalSection(SolutionConfigurationPlatforms) = preSolution
		Debug|Any CPU = Debug|Any CPU
		Release|Any CPU = Release|Any CPU
	EndGlobalSection
	GlobalSection(ProjectConfigurationPlatforms) = postSolution
		{BCF710C7-257C-45D0-87BC-77E6DC9386A0}.Debug|Any CPU.ActiveCfg = Debug|Any CPU
		{BCF710C7-257C-45D0-87BC-77E6DC9386A0}.Debug|Any CPU.Build.0 = Debug|Any CPU
		{BCF710C7-257C-45D0-87BC-77E6DC9386A0}.Release|Any CPU.ActiveCfg = Release|Any CPU
		{BCF710C7-257C-45D0-87BC-77E6DC9386A0}.Release|Any CPU.Build.0 = Release|Any CPU
	EndGlobalSection
	GlobalSection(SolutionProperties) = preSolution
		HideSolutionNode = FALSE
	EndGlobalSection
	GlobalSection(ExtensibilityGlobals) = postSolution
		SolutionGuid = {7A0C5146-3B88-400F-B0FF-439270ABA09B}
	EndGlobalSection
EndGlobal
