
Microsoft Visual Studio Solution File, Format Version 12.00
# Visual Studio Version 16
VisualStudioVersion = 16.0.30309.148
MinimumVisualStudioVersion = 10.0.40219.1
Project("{FAE04EC0-301F-11D3-BF4B-00C04F79EFBC}") = "GraphicApp", "GraphicApp\GraphicApp.csproj", "{EB690C50-0406-437A-8F49-67AA1D4756AE}"
EndProject
Global
	GlobalSection(SolutionConfigurationPlatforms) = preSolution
		Debug|Any CPU = Debug|Any CPU
		Release|Any CPU = Release|Any CPU
	EndGlobalSection
	GlobalSection(ProjectConfigurationPlatforms) = postSolution
		{EB690C50-0406-437A-8F49-67AA1D4756AE}.Debug|Any CPU.ActiveCfg = Debug|Any CPU
		{EB690C50-0406-437A-8F49-67AA1D4756AE}.Debug|Any CPU.Build.0 = Debug|Any CPU
		{EB690C50-0406-437A-8F49-67AA1D4756AE}.Release|Any CPU.ActiveCfg = Release|Any CPU
		{EB690C50-0406-437A-8F49-67AA1D4756AE}.Release|Any CPU.Build.0 = Release|Any CPU
	EndGlobalSection
	GlobalSection(SolutionProperties) = preSolution
		HideSolutionNode = FALSE
	EndGlobalSection
	GlobalSection(ExtensibilityGlobals) = postSolution
		SolutionGuid = {327F42EB-527F-4944-AAB9-F06B49534148}
	EndGlobalSection
EndGlobal
