
Microsoft Visual Studio Solution File, Format Version 12.00
# Visual Studio Version 16
VisualStudioVersion = 16.0.29709.97
MinimumVisualStudioVersion = 10.0.40219.1
Project("{FAE04EC0-301F-11D3-BF4B-00C04F79EFBC}") = "CurrentDayApp", "CurrentDayApp.csproj", "{398169EF-8734-4019-981F-3A3E432F2141}"
EndProject
Global
	GlobalSection(SolutionConfigurationPlatforms) = preSolution
		Debug|Any CPU = Debug|Any CPU
		Release|Any CPU = Release|Any CPU
	EndGlobalSection
	GlobalSection(ProjectConfigurationPlatforms) = postSolution
		{398169EF-8734-4019-981F-3A3E432F2141}.Debug|Any CPU.ActiveCfg = Debug|Any CPU
		{398169EF-8734-4019-981F-3A3E432F2141}.Debug|Any CPU.Build.0 = Debug|Any CPU
		{398169EF-8734-4019-981F-3A3E432F2141}.Release|Any CPU.ActiveCfg = Release|Any CPU
		{398169EF-8734-4019-981F-3A3E432F2141}.Release|Any CPU.Build.0 = Release|Any CPU
	EndGlobalSection
	GlobalSection(SolutionProperties) = preSolution
		HideSolutionNode = FALSE
	EndGlobalSection
	GlobalSection(ExtensibilityGlobals) = postSolution
		SolutionGuid = {BA9082D9-7BAD-4B22-B62C-AE06BE7DC4A4}
	EndGlobalSection
EndGlobal
