
Microsoft Visual Studio Solution File, Format Version 12.00
# Visual Studio Version 16
VisualStudioVersion = 16.0.30320.27
MinimumVisualStudioVersion = 10.0.40219.1
Project("{8BC9CEB8-8B4A-11D0-8D11-00A0C91BC942}") = "CDynamicGUI", "CDynamicGUI\CDynamicGUI.vcxproj", "{D46A1446-062C-442A-ABB6-0397EC1FA028}"
EndProject
Project("{8BC9CEB8-8B4A-11D0-8D11-00A0C91BC942}") = "DLL5", "DLL5\DLL5.vcxproj", "{353A9FFD-8AFC-4D29-979D-90EC0BB2FCE3}"
EndProject
Global
	GlobalSection(SolutionConfigurationPlatforms) = preSolution
		Debug|Any CPU = Debug|Any CPU
		Debug|x64 = Debug|x64
		Debug|x86 = Debug|x86
		Release|Any CPU = Release|Any CPU
		Release|x64 = Release|x64
		Release|x86 = Release|x86
	EndGlobalSection
	GlobalSection(ProjectConfigurationPlatforms) = postSolution
		{D46A1446-062C-442A-ABB6-0397EC1FA028}.Debug|Any CPU.ActiveCfg = Debug|Win32
		{D46A1446-062C-442A-ABB6-0397EC1FA028}.Debug|x64.ActiveCfg = Debug|x64
		{D46A1446-062C-442A-ABB6-0397EC1FA028}.Debug|x64.Build.0 = Debug|x64
		{D46A1446-062C-442A-ABB6-0397EC1FA028}.Debug|x86.ActiveCfg = Debug|Win32
		{D46A1446-062C-442A-ABB6-0397EC1FA028}.Debug|x86.Build.0 = Debug|Win32
		{D46A1446-062C-442A-ABB6-0397EC1FA028}.Release|Any CPU.ActiveCfg = Release|Win32
		{D46A1446-062C-442A-ABB6-0397EC1FA028}.Release|x64.ActiveCfg = Release|x64
		{D46A1446-062C-442A-ABB6-0397EC1FA028}.Release|x64.Build.0 = Release|x64
		{D46A1446-062C-442A-ABB6-0397EC1FA028}.Release|x86.ActiveCfg = Release|Win32
		{D46A1446-062C-442A-ABB6-0397EC1FA028}.Release|x86.Build.0 = Release|Win32
		{353A9FFD-8AFC-4D29-979D-90EC0BB2FCE3}.Debug|Any CPU.ActiveCfg = Debug|Win32
		{353A9FFD-8AFC-4D29-979D-90EC0BB2FCE3}.Debug|x64.ActiveCfg = Debug|x64
		{353A9FFD-8AFC-4D29-979D-90EC0BB2FCE3}.Debug|x64.Build.0 = Debug|x64
		{353A9FFD-8AFC-4D29-979D-90EC0BB2FCE3}.Debug|x86.ActiveCfg = Debug|Win32
		{353A9FFD-8AFC-4D29-979D-90EC0BB2FCE3}.Debug|x86.Build.0 = Debug|Win32
		{353A9FFD-8AFC-4D29-979D-90EC0BB2FCE3}.Release|Any CPU.ActiveCfg = Release|Win32
		{353A9FFD-8AFC-4D29-979D-90EC0BB2FCE3}.Release|x64.ActiveCfg = Release|x64
		{353A9FFD-8AFC-4D29-979D-90EC0BB2FCE3}.Release|x64.Build.0 = Release|x64
		{353A9FFD-8AFC-4D29-979D-90EC0BB2FCE3}.Release|x86.ActiveCfg = Release|Win32
	EndGlobalSection
	GlobalSection(SolutionProperties) = preSolution
		HideSolutionNode = FALSE
	EndGlobalSection
	GlobalSection(ExtensibilityGlobals) = postSolution
		SolutionGuid = {F72997F0-8051-4909-ABC3-02FF7BCAEB29}
	EndGlobalSection
EndGlobal
